
Microsoft Visual Studio Solution File, Format Version 12.00
# Visual Studio Version 17
VisualStudioVersion = 17.6.33815.320
MinimumVisualStudioVersion = 10.0.40219.1
Project("{FAE04EC0-301F-11D3-BF4B-00C04F79EFBC}") = "ExtensionMethodsCaveats", "ExtensionMethodsCaveats\ExtensionMethodsCaveats.csproj", "{36DB52DE-3E39-46A2-9D60-9F3617216830}"
EndProject
Global
	GlobalSection(SolutionConfigurationPlatforms) = preSolution
		Debug|Any CPU = Debug|Any CPU
		Release|Any CPU = Release|Any CPU
	EndGlobalSection
	GlobalSection(ProjectConfigurationPlatforms) = postSolution
		{36DB52DE-3E39-46A2-9D60-9F3617216830}.Debug|Any CPU.ActiveCfg = Debug|Any CPU
		{36DB52DE-3E39-46A2-9D60-9F3617216830}.Debug|Any CPU.Build.0 = Debug|Any CPU
		{36DB52DE-3E39-46A2-9D60-9F3617216830}.Release|Any CPU.ActiveCfg = Release|Any CPU
		{36DB52DE-3E39-46A2-9D60-9F3617216830}.Release|Any CPU.Build.0 = Release|Any CPU
	EndGlobalSection
	GlobalSection(SolutionProperties) = preSolution
		HideSolutionNode = FALSE
	EndGlobalSection
	GlobalSection(ExtensibilityGlobals) = postSolution
		SolutionGuid = {0A538ED9-584F-4133-B913-015389653B4F}
	EndGlobalSection
EndGlobal
